<?xml version="1.0" encoding="utf-8"?>
<Project ToolsVersion="4.0" xmlns="http://schemas.microsoft.com/developer/msbuild/2003">
  <ItemGroup>
    <Filter Include="Source Files">
      <UniqueIdentifier>{4FC737F1-C7A5-4376-A066-2A32D752A2FF}</UniqueIdentifier>
      <Extensions>cpp;c;cc;cxx;def;odl;idl;hpj;bat;asm;asmx</Extensions>
    </Filter>
    <Filter Include="Header Files">
      <UniqueIdentifier>{93995380-89BD-4b04-88EB-625FBE52EBFB}</UniqueIdentifier>
      <Extensions>h;hh;hpp;hxx;hm;inl;inc;xsd</Extensions>
    </Filter>
    <Filter Include="Resource Files">
      <UniqueIdentifier>{67DA6AB6-F800-4c08-8B7A-83BB121AAD01}</UniqueIdentifier>
      <Extensions>rc;ico;cur;bmp;dlg;rc2;rct;bin;rgs;gif;jpg;jpeg;jpe;resx;tiff;tif;png;wav;mfcribbon-ms</Extensions>
    </Filter>
    <Filter Include="Header Files\wxSHA1">
      <UniqueIdentifier>{253fdcc0-ab25-4aa5-8208-d1e716f3b8f5}</UniqueIdentifier>
    </Filter>
    <Filter Include="Header Files\wxMD5">
      <UniqueIdentifier>{dbb04f00-ab71-4792-8fd3-eebd7826a978}</UniqueIdentifier>
    </Filter>
    <Filter Include="Source Files\wxMD5">
      <UniqueIdentifier>{09122fae-75e1-40bd-bd12-5769c8ea507f}</UniqueIdentifier>
    </Filter>
    <Filter Include="Source Files\wxSHA1">
      <UniqueIdentifier>{97069799-1683-4fe4-9157-7d578bec6b67}</UniqueIdentifier>
    </Filter>
  </ItemGroup>
  <ItemGroup>
    <ClCompile Include="..\src\BoxFind.cpp">
      <Filter>Source Files</Filter>
    </ClCompile>
    <ClCompile Include="..\src\BoxNew.cpp">
      <Filter>Source Files</Filter>
    </ClCompile>
    <ClCompile Include="..\src\BoxOptions.cpp">
      <Filter>Source Files</Filter>
    </ClCompile>
    <ClCompile Include="..\src\CheckNewRelease.cpp">
      <Filter>Source Files</Filter>
    </ClCompile>
    <ClCompile Include="..\src\DownloadFile.cpp">
      <Filter>Source Files</Filter>
    </ClCompile>
    <ClCompile Include="..\src\DownloadThread.cpp">
      <Filter>Source Files</Filter>
    </ClCompile>
    <ClCompile Include="..\src\FinishedList.cpp">
      <Filter>Source Files</Filter>
    </ClCompile>
    <ClCompile Include="..\src\FTP.cpp">
      <Filter>Source Files</Filter>
    </ClCompile>
    <ClCompile Include="..\src\Graph.cpp">
      <Filter>Source Files</Filter>
    </ClCompile>
    <ClCompile Include="..\src\HTTP.cpp">
      <Filter>Source Files</Filter>
    </ClCompile>
    <ClCompile Include="..\src\InProgressList.cpp">
      <Filter>Source Files</Filter>
    </ClCompile>
    <ClCompile Include="..\src\MainFrame.cpp">
      <Filter>Source Files</Filter>
    </ClCompile>
    <ClCompile Include="..\src\Metalink.cpp">
      <Filter>Source Files</Filter>
    </ClCompile>
    <ClCompile Include="..\src\ProgressBar.cpp">
      <Filter>Source Files</Filter>
    </ClCompile>
    <ClCompile Include="..\src\TaskBarIcon.cpp">
      <Filter>Source Files</Filter>
    </ClCompile>
    <ClCompile Include="..\src\UrlName.cpp">
      <Filter>Source Files</Filter>
    </ClCompile>
    <ClCompile Include="..\src\UtilFunctions.cpp">
      <Filter>Source Files</Filter>
    </ClCompile>
    <ClCompile Include="..\src\wxDFast.cpp">
      <Filter>Source Files</Filter>
    </ClCompile>
    <ClCompile Include="..\src\wxMD5\md5.cpp">
      <Filter>Source Files\wxMD5</Filter>
    </ClCompile>
    <ClCompile Include="..\src\wxMD5\wxMD5.cpp">
      <Filter>Source Files\wxMD5</Filter>
    </ClCompile>
    <ClCompile Include="..\src\wxSHA1\sha1.cpp">
      <Filter>Source Files\wxSHA1</Filter>
    </ClCompile>
    <ClCompile Include="..\src\wxSHA1\wxSHA1.cpp">
      <Filter>Source Files\wxSHA1</Filter>
    </ClCompile>
    <ClCompile Include="..\src\Resources.cpp">
      <Filter>Source Files</Filter>
    </ClCompile>
  </ItemGroup>
  <ItemGroup>
    <ResourceCompile Include="..\src\wxDFast.rc">
      <Filter>Resource Files</Filter>
    </ResourceCompile>
  </ItemGroup>
  <ItemGroup>
    <ClInclude Include="..\src\wxDFast.h">
      <Filter>Header Files</Filter>
    </ClInclude>
    <ClInclude Include="..\src\wxMD5\md5.h">
      <Filter>Header Files\wxMD5</Filter>
    </ClInclude>
    <ClInclude Include="..\src\wxMD5\wxMD5.h">
      <Filter>Header Files\wxMD5</Filter>
    </ClInclude>
    <ClInclude Include="..\src\wxSHA1\sha1.h">
      <Filter>Header Files\wxSHA1</Filter>
    </ClInclude>
    <ClInclude Include="..\src\wxSHA1\wxSHA1.h">
      <Filter>Header Files\wxSHA1</Filter>
    </ClInclude>
  </ItemGroup>
</Project>